
Microsoft Visual Studio Solution File, Format Version 12.00
# Visual Studio Version 16
VisualStudioVersion = 16.0.29324.140
MinimumVisualStudioVersion = 10.0.40219.1
Project("{FAE04EC0-301F-11D3-BF4B-00C04F79EFBC}") = "LatihanPolymorphism2", "LatihanPolymorphism2\LatihanPolymorphism2.csproj", "{00E6819B-AD08-47A6-99A7-39AB28688C41}"
EndProject
Global
	GlobalSection(SolutionConfigurationPlatforms) = preSolution
		Debug|Any CPU = Debug|Any CPU
		Release|Any CPU = Release|Any CPU
	EndGlobalSection
	GlobalSection(ProjectConfigurationPlatforms) = postSolution
		{00E6819B-AD08-47A6-99A7-39AB28688C41}.Debug|Any CPU.ActiveCfg = Debug|Any CPU
		{00E6819B-AD08-47A6-99A7-39AB28688C41}.Debug|Any CPU.Build.0 = Debug|Any CPU
		{00E6819B-AD08-47A6-99A7-39AB28688C41}.Release|Any CPU.ActiveCfg = Release|Any CPU
		{00E6819B-AD08-47A6-99A7-39AB28688C41}.Release|Any CPU.Build.0 = Release|Any CPU
	EndGlobalSection
	GlobalSection(SolutionProperties) = preSolution
		HideSolutionNode = FALSE
	EndGlobalSection
	GlobalSection(ExtensibilityGlobals) = postSolution
		SolutionGuid = {30AF279A-7FE8-4949-A602-8551CF9564B8}
	EndGlobalSection
EndGlobal
